
Microsoft Visual Studio Solution File, Format Version 12.00
# Visual Studio Version 17
VisualStudioVersion = 17.7.34202.233
MinimumVisualStudioVersion = 10.0.40219.1
Project("{A07B5EB6-E848-4116-A8D0-A826331D98C6}") = "Cloud-Project", "Cloud-Project\Cloud-Project.sfproj", "{2FA93556-19A5-4ACE-8073-6AEEFE6B83A9}"
EndProject
Project("{9A19103F-16F7-4668-BE54-9A1E7A4F7556}") = "ClientStateless", "ClientStateless\ClientStateless.csproj", "{934D073B-0F63-4EC4-842D-FAFFB90CE542}"
EndProject
Project("{9A19103F-16F7-4668-BE54-9A1E7A4F7556}") = "Common", "Common\Common.csproj", "{559CDA35-807F-4979-80DE-0023F07C951E}"
EndProject
Project("{9A19103F-16F7-4668-BE54-9A1E7A4F7556}") = "ApiGatewayStateless", "ApiGatewayStateless\ApiGatewayStateless.csproj", "{329A10A3-5036-4BA6-AF8C-D23CEB638135}"
EndProject
Project("{FAE04EC0-301F-11D3-BF4B-00C04F79EFBC}") = "UsersStateful", "UsersStateful\UsersStateful.csproj", "{87E96E90-BBEC-4B08-B231-591AB254475F}"
EndProject
Global
	GlobalSection(SolutionConfigurationPlatforms) = preSolution
		Debug|Any CPU = Debug|Any CPU
		Debug|x64 = Debug|x64
		Release|Any CPU = Release|Any CPU
		Release|x64 = Release|x64
	EndGlobalSection
	GlobalSection(ProjectConfigurationPlatforms) = postSolution
		{2FA93556-19A5-4ACE-8073-6AEEFE6B83A9}.Debug|Any CPU.ActiveCfg = Debug|x64
		{2FA93556-19A5-4ACE-8073-6AEEFE6B83A9}.Debug|Any CPU.Build.0 = Debug|x64
		{2FA93556-19A5-4ACE-8073-6AEEFE6B83A9}.Debug|Any CPU.Deploy.0 = Debug|x64
		{2FA93556-19A5-4ACE-8073-6AEEFE6B83A9}.Debug|x64.ActiveCfg = Debug|x64
		{2FA93556-19A5-4ACE-8073-6AEEFE6B83A9}.Debug|x64.Build.0 = Debug|x64
		{2FA93556-19A5-4ACE-8073-6AEEFE6B83A9}.Debug|x64.Deploy.0 = Debug|x64
		{2FA93556-19A5-4ACE-8073-6AEEFE6B83A9}.Release|Any CPU.ActiveCfg = Release|x64
		{2FA93556-19A5-4ACE-8073-6AEEFE6B83A9}.Release|Any CPU.Build.0 = Release|x64
		{2FA93556-19A5-4ACE-8073-6AEEFE6B83A9}.Release|Any CPU.Deploy.0 = Release|x64
		{2FA93556-19A5-4ACE-8073-6AEEFE6B83A9}.Release|x64.ActiveCfg = Release|x64
		{2FA93556-19A5-4ACE-8073-6AEEFE6B83A9}.Release|x64.Build.0 = Release|x64
		{2FA93556-19A5-4ACE-8073-6AEEFE6B83A9}.Release|x64.Deploy.0 = Release|x64
		{934D073B-0F63-4EC4-842D-FAFFB90CE542}.Debug|Any CPU.ActiveCfg = Debug|Any CPU
		{934D073B-0F63-4EC4-842D-FAFFB90CE542}.Debug|Any CPU.Build.0 = Debug|Any CPU
		{934D073B-0F63-4EC4-842D-FAFFB90CE542}.Debug|x64.ActiveCfg = Debug|Any CPU
		{934D073B-0F63-4EC4-842D-FAFFB90CE542}.Debug|x64.Build.0 = Debug|Any CPU
		{934D073B-0F63-4EC4-842D-FAFFB90CE542}.Release|Any CPU.ActiveCfg = Release|Any CPU
		{934D073B-0F63-4EC4-842D-FAFFB90CE542}.Release|Any CPU.Build.0 = Release|Any CPU
		{934D073B-0F63-4EC4-842D-FAFFB90CE542}.Release|x64.ActiveCfg = Release|Any CPU
		{934D073B-0F63-4EC4-842D-FAFFB90CE542}.Release|x64.Build.0 = Release|Any CPU
		{559CDA35-807F-4979-80DE-0023F07C951E}.Debug|Any CPU.ActiveCfg = Debug|Any CPU
		{559CDA35-807F-4979-80DE-0023F07C951E}.Debug|Any CPU.Build.0 = Debug|Any CPU
		{559CDA35-807F-4979-80DE-0023F07C951E}.Debug|x64.ActiveCfg = Debug|Any CPU
		{559CDA35-807F-4979-80DE-0023F07C951E}.Debug|x64.Build.0 = Debug|Any CPU
		{559CDA35-807F-4979-80DE-0023F07C951E}.Release|Any CPU.ActiveCfg = Release|Any CPU
		{559CDA35-807F-4979-80DE-0023F07C951E}.Release|Any CPU.Build.0 = Release|Any CPU
		{559CDA35-807F-4979-80DE-0023F07C951E}.Release|x64.ActiveCfg = Release|Any CPU
		{559CDA35-807F-4979-80DE-0023F07C951E}.Release|x64.Build.0 = Release|Any CPU
		{329A10A3-5036-4BA6-AF8C-D23CEB638135}.Debug|Any CPU.ActiveCfg = Debug|Any CPU
		{329A10A3-5036-4BA6-AF8C-D23CEB638135}.Debug|Any CPU.Build.0 = Debug|Any CPU
		{329A10A3-5036-4BA6-AF8C-D23CEB638135}.Debug|x64.ActiveCfg = Debug|Any CPU
		{329A10A3-5036-4BA6-AF8C-D23CEB638135}.Debug|x64.Build.0 = Debug|Any CPU
		{329A10A3-5036-4BA6-AF8C-D23CEB638135}.Release|Any CPU.ActiveCfg = Release|Any CPU
		{329A10A3-5036-4BA6-AF8C-D23CEB638135}.Release|Any CPU.Build.0 = Release|Any CPU
		{329A10A3-5036-4BA6-AF8C-D23CEB638135}.Release|x64.ActiveCfg = Release|Any CPU
		{329A10A3-5036-4BA6-AF8C-D23CEB638135}.Release|x64.Build.0 = Release|Any CPU
		{87E96E90-BBEC-4B08-B231-591AB254475F}.Debug|Any CPU.ActiveCfg = Debug|Any CPU
		{87E96E90-BBEC-4B08-B231-591AB254475F}.Debug|Any CPU.Build.0 = Debug|Any CPU
		{87E96E90-BBEC-4B08-B231-591AB254475F}.Debug|x64.ActiveCfg = Debug|Any CPU
		{87E96E90-BBEC-4B08-B231-591AB254475F}.Debug|x64.Build.0 = Debug|Any CPU
		{87E96E90-BBEC-4B08-B231-591AB254475F}.Release|Any CPU.ActiveCfg = Release|Any CPU
		{87E96E90-BBEC-4B08-B231-591AB254475F}.Release|Any CPU.Build.0 = Release|Any CPU
		{87E96E90-BBEC-4B08-B231-591AB254475F}.Release|x64.ActiveCfg = Release|Any CPU
		{87E96E90-BBEC-4B08-B231-591AB254475F}.Release|x64.Build.0 = Release|Any CPU
	EndGlobalSection
	GlobalSection(SolutionProperties) = preSolution
		HideSolutionNode = FALSE
	EndGlobalSection
	GlobalSection(ExtensibilityGlobals) = postSolution
		SolutionGuid = {D1F434AF-68B6-4038-B672-5B9E22892ADA}
	EndGlobalSection
EndGlobal
